// !$*UTF8*$!
{
	archiveVersion = 1;
	classes = {
	};
	objectVersion = 46;
	objects = {

/* Begin PBXBuildFile section */
		761AC1CE1E79D5F7000DBC3A /* Gloss.framework in Frameworks */ = {isa = PBXBuildFile; fileRef = 761AC1CD1E79D5F7000DBC3A /* Gloss.framework */; };
		761AC1D11E79D62C000DBC3A /* forecast.swift in Sources */ = {isa = PBXBuildFile; fileRef = 761AC1D01E79D62C000DBC3A /* forecast.swift */; };
		761AC1D31E79F058000DBC3A /* WeatherTableViewCell.swift in Sources */ = {isa = PBXBuildFile; fileRef = 761AC1D21E79F058000DBC3A /* WeatherTableViewCell.swift */; };
		761AC1D51E79FEE1000DBC3A /* Weather.swift in Sources */ = {isa = PBXBuildFile; fileRef = 761AC1D41E79FEE1000DBC3A /* Weather.swift */; };
		765FC8311E7C08D200679DDB /* Main.storyboard in Resources */ = {isa = PBXBuildFile; fileRef = 765FC8301E7C08D100679DDB /* Main.storyboard */; };
		76656DA91E79C64E001AF558 /* AppDelegate.swift in Sources */ = {isa = PBXBuildFile; fileRef = 76656DA81E79C64E001AF558 /* AppDelegate.swift */; };
		76656DAB1E79C64E001AF558 /* ViewController.swift in Sources */ = {isa = PBXBuildFile; fileRef = 76656DAA1E79C64E001AF558 /* ViewController.swift */; };
		76656DB11E79C64E001AF558 /* test_iOS_Ingima.xcdatamodeld in Sources */ = {isa = PBXBuildFile; fileRef = 76656DAF1E79C64E001AF558 /* test_iOS_Ingima.xcdatamodeld */; };
		76656DB31E79C64E001AF558 /* Assets.xcassets in Resources */ = {isa = PBXBuildFile; fileRef = 76656DB21E79C64E001AF558 /* Assets.xcassets */; };
		76656DB61E79C64E001AF558 /* LaunchScreen.storyboard in Resources */ = {isa = PBXBuildFile; fileRef = 76656DB41E79C64E001AF558 /* LaunchScreen.storyboard */; };
		76656DC11E79C64E001AF558 /* test_iOS_IngimaTests.swift in Sources */ = {isa = PBXBuildFile; fileRef = 76656DC01E79C64E001AF558 /* test_iOS_IngimaTests.swift */; };
		76656DCC1E79C64E001AF558 /* test_iOS_IngimaUITests.swift in Sources */ = {isa = PBXBuildFile; fileRef = 76656DCB1E79C64E001AF558 /* test_iOS_IngimaUITests.swift */; };
		76656DDA1E79CB9A001AF558 /* Alamofire.framework in Frameworks */ = {isa = PBXBuildFile; fileRef = 76656DD91E79CB9A001AF558 /* Alamofire.framework */; };
		76CBD6881E7AB219005B95CB /* city.swift in Sources */ = {isa = PBXBuildFile; fileRef = 76CBD6871E7AB219005B95CB /* city.swift */; };
		76CBD68A1E7AB429005B95CB /* SearchCityViewController.swift in Sources */ = {isa = PBXBuildFile; fileRef = 76CBD6891E7AB429005B95CB /* SearchCityViewController.swift */; };
		76CBD68E1E7ABE46005B95CB /* cityListFrance.json in Resources */ = {isa = PBXBuildFile; fileRef = 76CBD68D1E7ABE46005B95CB /* cityListFrance.json */; };
		76CBD6901E7AC602005B95CB /* MyCityListTableViewController.swift in Sources */ = {isa = PBXBuildFile; fileRef = 76CBD68F1E7AC602005B95CB /* MyCityListTableViewController.swift */; };
		76CBD6921E7AC7BC005B95CB /* CoredataManager.swift in Sources */ = {isa = PBXBuildFile; fileRef = 76CBD6911E7AC7BC005B95CB /* CoredataManager.swift */; };
		76CBD6941E7B13DE005B95CB /* APIManager.swift in Sources */ = {isa = PBXBuildFile; fileRef = 76CBD6931E7B13DE005B95CB /* APIManager.swift */; };
		76CBD6961E7B4522005B95CB /* CitiesTableViewCell.swift in Sources */ = {isa = PBXBuildFile; fileRef = 76CBD6951E7B4521005B95CB /* CitiesTableViewCell.swift */; };
		AB08F439C1BD866C9C1E6236 /* Pods_test_iOS_Ingima.framework in Frameworks */ = {isa = PBXBuildFile; fileRef = 3B7720D52182D43BD241870A /* Pods_test_iOS_Ingima.framework */; };
		AEF1E429FCF16A0902255171 /* Pods_test_iOS_IngimaUITests.framework in Frameworks */ = {isa = PBXBuildFile; fileRef = 85EE87B8872594A85CFA8E7D /* Pods_test_iOS_IngimaUITests.framework */; };
		E470B4529616AE2FE81068DE /* Pods_test_iOS_IngimaTests.framework in Frameworks */ = {isa = PBXBuildFile; fileRef = 191A6DEF3D04C6F1282CB46F /* Pods_test_iOS_IngimaTests.framework */; };
/* End PBXBuildFile section */

/* Begin PBXContainerItemProxy section */
		76656DBD1E79C64E001AF558 /* PBXContainerItemProxy */ = {
			isa = PBXContainerItemProxy;
			containerPortal = 76656D9D1E79C64E001AF558 /* Project object */;
			proxyType = 1;
			remoteGlobalIDString = 76656DA41E79C64E001AF558;
			remoteInfo = "test iOS Ingima";
		};
		76656DC81E79C64E001AF558 /* PBXContainerItemProxy */ = {
			isa = PBXContainerItemProxy;
			containerPortal = 76656D9D1E79C64E001AF558 /* Project object */;
			proxyType = 1;
			remoteGlobalIDString = 76656DA41E79C64E001AF558;
			remoteInfo = "test iOS Ingima";
		};
/* End PBXContainerItemProxy section */

/* Begin PBXFileReference section */
		191A6DEF3D04C6F1282CB46F /* Pods_test_iOS_IngimaTests.framework */ = {isa = PBXFileReference; explicitFileType = wrapper.framework; includeInIndex = 0; path = Pods_test_iOS_IngimaTests.framework; sourceTree = BUILT_PRODUCTS_DIR; };
		24FE5EB0252BC240B741FB9B /* Pods-test iOS IngimaTests.release.xcconfig */ = {isa = PBXFileReference; includeInIndex = 1; lastKnownFileType = text.xcconfig; name = "Pods-test iOS IngimaTests.release.xcconfig"; path = "Pods/Target Support Files/Pods-test iOS IngimaTests/Pods-test iOS IngimaTests.release.xcconfig"; sourceTree = "<group>"; };
		3B7720D52182D43BD241870A /* Pods_test_iOS_Ingima.framework */ = {isa = PBXFileReference; explicitFileType = wrapper.framework; includeInIndex = 0; path = Pods_test_iOS_Ingima.framework; sourceTree = BUILT_PRODUCTS_DIR; };
		761AC1CD1E79D5F7000DBC3A /* Gloss.framework */ = {isa = PBXFileReference; lastKnownFileType = wrapper.framework; name = Gloss.framework; path = "../../Library/Developer/Xcode/DerivedData/test_iOS_Ingima-hferftoowspmvnfbyyuzhlauyzby/Build/Products/Debug-iphonesimulator/Gloss/Gloss.framework"; sourceTree = "<group>"; };
		761AC1D01E79D62C000DBC3A /* forecast.swift */ = {isa = PBXFileReference; fileEncoding = 4; lastKnownFileType = sourcecode.swift; path = forecast.swift; sourceTree = "<group>"; };
		761AC1D21E79F058000DBC3A /* WeatherTableViewCell.swift */ = {isa = PBXFileReference; fileEncoding = 4; lastKnownFileType = sourcecode.swift; path = WeatherTableViewCell.swift; sourceTree = "<group>"; };
		761AC1D41E79FEE1000DBC3A /* Weather.swift */ = {isa = PBXFileReference; fileEncoding = 4; lastKnownFileType = sourcecode.swift; path = Weather.swift; sourceTree = "<group>"; };
		765FC8301E7C08D100679DDB /* Main.storyboard */ = {isa = PBXFileReference; fileEncoding = 4; lastKnownFileType = file.storyboard; path = Main.storyboard; sourceTree = "<group>"; };
		76656DA51E79C64E001AF558 /* test iOS Ingima.app */ = {isa = PBXFileReference; explicitFileType = wrapper.application; includeInIndex = 0; path = "test iOS Ingima.app"; sourceTree = BUILT_PRODUCTS_DIR; };
		76656DA81E79C64E001AF558 /* AppDelegate.swift */ = {isa = PBXFileReference; lastKnownFileType = sourcecode.swift; path = AppDelegate.swift; sourceTree = "<group>"; };
		76656DAA1E79C64E001AF558 /* ViewController.swift */ = {isa = PBXFileReference; lastKnownFileType = sourcecode.swift; path = ViewController.swift; sourceTree = "<group>"; };
		76656DB01E79C64E001AF558 /* test_iOS_Ingima.xcdatamodel */ = {isa = PBXFileReference; lastKnownFileType = wrapper.xcdatamodel; path = test_iOS_Ingima.xcdatamodel; sourceTree = "<group>"; };
		76656DB21E79C64E001AF558 /* Assets.xcassets */ = {isa = PBXFileReference; lastKnownFileType = folder.assetcatalog; path = Assets.xcassets; sourceTree = "<group>"; };
		76656DB51E79C64E001AF558 /* Base */ = {isa = PBXFileReference; lastKnownFileType = file.storyboard; name = Base; path = Base.lproj/LaunchScreen.storyboard; sourceTree = "<group>"; };
		76656DB71E79C64E001AF558 /* Info.plist */ = {isa = PBXFileReference; lastKnownFileType = text.plist.xml; path = Info.plist; sourceTree = "<group>"; };
		76656DBC1E79C64E001AF558 /* test iOS IngimaTests.xctest */ = {isa = PBXFileReference; explicitFileType = wrapper.cfbundle; includeInIndex = 0; path = "test iOS IngimaTests.xctest"; sourceTree = BUILT_PRODUCTS_DIR; };
		76656DC01E79C64E001AF558 /* test_iOS_IngimaTests.swift */ = {isa = PBXFileReference; lastKnownFileType = sourcecode.swift; path = test_iOS_IngimaTests.swift; sourceTree = "<group>"; };
		76656DC21E79C64E001AF558 /* Info.plist */ = {isa = PBXFileReference; lastKnownFileType = text.plist.xml; path = Info.plist; sourceTree = "<group>"; };
		76656DC71E79C64E001AF558 /* test iOS IngimaUITests.xctest */ = {isa = PBXFileReference; explicitFileType = wrapper.cfbundle; includeInIndex = 0; path = "test iOS IngimaUITests.xctest"; sourceTree = BUILT_PRODUCTS_DIR; };
		76656DCB1E79C64E001AF558 /* test_iOS_IngimaUITests.swift */ = {isa = PBXFileReference; lastKnownFileType = sourcecode.swift; path = test_iOS_IngimaUITests.swift; sourceTree = "<group>"; };
		76656DCD1E79C64E001AF558 /* Info.plist */ = {isa = PBXFileReference; lastKnownFileType = text.plist.xml; path = Info.plist; sourceTree = "<group>"; };
		76656DD91E79CB9A001AF558 /* Alamofire.framework */ = {isa = PBXFileReference; lastKnownFileType = wrapper.framework; name = Alamofire.framework; path = "../../Library/Developer/Xcode/DerivedData/test_iOS_Ingima-hferftoowspmvnfbyyuzhlauyzby/Build/Products/Debug-iphonesimulator/Alamofire/Alamofire.framework"; sourceTree = "<group>"; };
		76CBD6871E7AB219005B95CB /* city.swift */ = {isa = PBXFileReference; fileEncoding = 4; lastKnownFileType = sourcecode.swift; path = city.swift; sourceTree = "<group>"; };
		76CBD6891E7AB429005B95CB /* SearchCityViewController.swift */ = {isa = PBXFileReference; fileEncoding = 4; lastKnownFileType = sourcecode.swift; path = SearchCityViewController.swift; sourceTree = "<group>"; };
		76CBD68D1E7ABE46005B95CB /* cityListFrance.json */ = {isa = PBXFileReference; fileEncoding = 4; lastKnownFileType = text.json; path = cityListFrance.json; sourceTree = "<group>"; };
		76CBD68F1E7AC602005B95CB /* MyCityListTableViewController.swift */ = {isa = PBXFileReference; fileEncoding = 4; lastKnownFileType = sourcecode.swift; path = MyCityListTableViewController.swift; sourceTree = "<group>"; };
		76CBD6911E7AC7BC005B95CB /* CoredataManager.swift */ = {isa = PBXFileReference; fileEncoding = 4; lastKnownFileType = sourcecode.swift; path = CoredataManager.swift; sourceTree = "<group>"; };
		76CBD6931E7B13DE005B95CB /* APIManager.swift */ = {isa = PBXFileReference; fileEncoding = 4; lastKnownFileType = sourcecode.swift; path = APIManager.swift; sourceTree = "<group>"; };
		76CBD6951E7B4521005B95CB /* CitiesTableViewCell.swift */ = {isa = PBXFileReference; fileEncoding = 4; lastKnownFileType = sourcecode.swift; path = CitiesTableViewCell.swift; sourceTree = "<group>"; };
		7C863478A8DDA89B84D64041 /* Pods-test iOS Ingima.release.xcconfig */ = {isa = PBXFileReference; includeInIndex = 1; lastKnownFileType = text.xcconfig; name = "Pods-test iOS Ingima.release.xcconfig"; path = "Pods/Target Support Files/Pods-test iOS Ingima/Pods-test iOS Ingima.release.xcconfig"; sourceTree = "<group>"; };
		7F56AFBECDDA4C0BBAF95872 /* Pods-test iOS Ingima.debug.xcconfig */ = {isa = PBXFileReference; includeInIndex = 1; lastKnownFileType = text.xcconfig; name = "Pods-test iOS Ingima.debug.xcconfig"; path = "Pods/Target Support Files/Pods-test iOS Ingima/Pods-test iOS Ingima.debug.xcconfig"; sourceTree = "<group>"; };
		85EE87B8872594A85CFA8E7D /* Pods_test_iOS_IngimaUITests.framework */ = {isa = PBXFileReference; explicitFileType = wrapper.framework; includeInIndex = 0; path = Pods_test_iOS_IngimaUITests.framework; sourceTree = BUILT_PRODUCTS_DIR; };
		A0961C4DFC1BB4AA3957D0D3 /* Pods-test iOS IngimaUITests.debug.xcconfig */ = {isa = PBXFileReference; includeInIndex = 1; lastKnownFileType = text.xcconfig; name = "Pods-test iOS IngimaUITests.debug.xcconfig"; path = "Pods/Target Support Files/Pods-test iOS IngimaUITests/Pods-test iOS IngimaUITests.debug.xcconfig"; sourceTree = "<group>"; };
		A94A754E74C9C0DE8F96FC9F /* Pods-test iOS IngimaTests.debug.xcconfig */ = {isa = PBXFileReference; includeInIndex = 1; lastKnownFileType = text.xcconfig; name = "Pods-test iOS IngimaTests.debug.xcconfig"; path = "Pods/Target Support Files/Pods-test iOS IngimaTests/Pods-test iOS IngimaTests.debug.xcconfig"; sourceTree = "<group>"; };
		CE463B90CEC30A5DFE3F0EAA /* Pods-test iOS IngimaUITests.release.xcconfig */ = {isa = PBXFileReference; includeInIndex = 1; lastKnownFileType = text.xcconfig; name = "Pods-test iOS IngimaUITests.release.xcconfig"; path = "Pods/Target Support Files/Pods-test iOS IngimaUITests/Pods-test iOS IngimaUITests.release.xcconfig"; sourceTree = "<group>"; };
/* End PBXFileReference section */

/* Begin PBXFrameworksBuildPhase section */
		76656DA21E79C64E001AF558 /* Frameworks */ = {
			isa = PBXFrameworksBuildPhase;
			buildActionMask = 2147483647;
			files = (
				761AC1CE1E79D5F7000DBC3A /* Gloss.framework in Frameworks */,
				76656DDA1E79CB9A001AF558 /* Alamofire.framework in Frameworks */,
				AB08F439C1BD866C9C1E6236 /* Pods_test_iOS_Ingima.framework in Frameworks */,
			);
			runOnlyForDeploymentPostprocessing = 0;
		};
		76656DB91E79C64E001AF558 /* Frameworks */ = {
			isa = PBXFrameworksBuildPhase;
			buildActionMask = 2147483647;
			files = (
				E470B4529616AE2FE81068DE /* Pods_test_iOS_IngimaTests.framework in Frameworks */,
			);
			runOnlyForDeploymentPostprocessing = 0;
		};
		76656DC41E79C64E001AF558 /* Frameworks */ = {
			isa = PBXFrameworksBuildPhase;
			buildActionMask = 2147483647;
			files = (
				AEF1E429FCF16A0902255171 /* Pods_test_iOS_IngimaUITests.framework in Frameworks */,
			);
			runOnlyForDeploymentPostprocessing = 0;
		};
/* End PBXFrameworksBuildPhase section */

/* Begin PBXGroup section */
		6D4C3ADB096208EE38D976CD /* Frameworks */ = {
			isa = PBXGroup;
			children = (
				761AC1CD1E79D5F7000DBC3A /* Gloss.framework */,
				76656DD91E79CB9A001AF558 /* Alamofire.framework */,
				3B7720D52182D43BD241870A /* Pods_test_iOS_Ingima.framework */,
				191A6DEF3D04C6F1282CB46F /* Pods_test_iOS_IngimaTests.framework */,
				85EE87B8872594A85CFA8E7D /* Pods_test_iOS_IngimaUITests.framework */,
			);
			name = Frameworks;
			sourceTree = "<group>";
		};
		761AC1CF1E79D616000DBC3A /* Model */ = {
			isa = PBXGroup;
			children = (
				761AC1D01E79D62C000DBC3A /* forecast.swift */,
				761AC1D41E79FEE1000DBC3A /* Weather.swift */,
				76CBD6871E7AB219005B95CB /* city.swift */,
			);
			name = Model;
			sourceTree = "<group>";
		};
		76656D9C1E79C64E001AF558 = {
			isa = PBXGroup;
			children = (
				76656DA71E79C64E001AF558 /* test iOS Ingima */,
				76656DBF1E79C64E001AF558 /* test iOS IngimaTests */,
				76656DCA1E79C64E001AF558 /* test iOS IngimaUITests */,
				76656DA61E79C64E001AF558 /* Products */,
				DC9CA843E9EC6B71424E5647 /* Pods */,
				6D4C3ADB096208EE38D976CD /* Frameworks */,
			);
			sourceTree = "<group>";
		};
		76656DA61E79C64E001AF558 /* Products */ = {
			isa = PBXGroup;
			children = (
				76656DA51E79C64E001AF558 /* test iOS Ingima.app */,
				76656DBC1E79C64E001AF558 /* test iOS IngimaTests.xctest */,
				76656DC71E79C64E001AF558 /* test iOS IngimaUITests.xctest */,
			);
			name = Products;
			sourceTree = "<group>";
		};
		76656DA71E79C64E001AF558 /* test iOS Ingima */ = {
			isa = PBXGroup;
			children = (
				76CBD6841E7AB16D005B95CB /* Resources */,
				761AC1CF1E79D616000DBC3A /* Model */,
				76656DA81E79C64E001AF558 /* AppDelegate.swift */,
				76656DAA1E79C64E001AF558 /* ViewController.swift */,
				76CBD68F1E7AC602005B95CB /* MyCityListTableViewController.swift */,
				76CBD6891E7AB429005B95CB /* SearchCityViewController.swift */,
				76CBD6911E7AC7BC005B95CB /* CoredataManager.swift */,
				76CBD6931E7B13DE005B95CB /* APIManager.swift */,
				761AC1D21E79F058000DBC3A /* WeatherTableViewCell.swift */,
				76CBD6951E7B4521005B95CB /* CitiesTableViewCell.swift */,
				765FC8301E7C08D100679DDB /* Main.storyboard */,
				76656DB21E79C64E001AF558 /* Assets.xcassets */,
				76656DB41E79C64E001AF558 /* LaunchScreen.storyboard */,
				76656DB71E79C64E001AF558 /* Info.plist */,
				76656DAF1E79C64E001AF558 /* test_iOS_Ingima.xcdatamodeld */,
			);
			path = "test iOS Ingima";
			sourceTree = "<group>";
		};
		76656DBF1E79C64E001AF558 /* test iOS IngimaTests */ = {
			isa = PBXGroup;
			children = (
				76656DC01E79C64E001AF558 /* test_iOS_IngimaTests.swift */,
				76656DC21E79C64E001AF558 /* Info.plist */,
			);
			path = "test iOS IngimaTests";
			sourceTree = "<group>";
		};
		76656DCA1E79C64E001AF558 /* test iOS IngimaUITests */ = {
			isa = PBXGroup;
			children = (
				76656DCB1E79C64E001AF558 /* test_iOS_IngimaUITests.swift */,
				76656DCD1E79C64E001AF558 /* Info.plist */,
			);
			path = "test iOS IngimaUITests";
			sourceTree = "<group>";
		};
		76CBD6841E7AB16D005B95CB /* Resources */ = {
			isa = PBXGroup;
			children = (
				76CBD68D1E7ABE46005B95CB /* cityListFrance.json */,
			);
			name = Resources;
			sourceTree = "<group>";
		};
		DC9CA843E9EC6B71424E5647 /* Pods */ = {
			isa = PBXGroup;
			children = (
				7F56AFBECDDA4C0BBAF95872 /* Pods-test iOS Ingima.debug.xcconfig */,
				7C863478A8DDA89B84D64041 /* Pods-test iOS Ingima.release.xcconfig */,
				A94A754E74C9C0DE8F96FC9F /* Pods-test iOS IngimaTests.debug.xcconfig */,
				24FE5EB0252BC240B741FB9B /* Pods-test iOS IngimaTests.release.xcconfig */,
				A0961C4DFC1BB4AA3957D0D3 /* Pods-test iOS IngimaUITests.debug.xcconfig */,
				CE463B90CEC30A5DFE3F0EAA /* Pods-test iOS IngimaUITests.release.xcconfig */,
			);
			name = Pods;
			sourceTree = "<group>";
		};
/* End PBXGroup section */

/* Begin PBXNativeTarget section */
		76656DA41E79C64E001AF558 /* test iOS Ingima */ = {
			isa = PBXNativeTarget;
			buildConfigurationList = 76656DD01E79C64E001AF558 /* Build configuration list for PBXNativeTarget "test iOS Ingima" */;
			buildPhases = (
				D6486FB91A689C87C5CAC885 /* [CP] Check Pods Manifest.lock */,
				76656DA11E79C64E001AF558 /* Sources */,
				76656DA21E79C64E001AF558 /* Frameworks */,
				76656DA31E79C64E001AF558 /* Resources */,
				8B3FF23A17688A12EEC9675C /* [CP] Embed Pods Frameworks */,
				4BAA5370F5941D741A2E12DD /* [CP] Copy Pods Resources */,
			);
			buildRules = (
			);
			dependencies = (
			);
			name = "test iOS Ingima";
			productName = "test iOS Ingima";
			productReference = 76656DA51E79C64E001AF558 /* test iOS Ingima.app */;
			productType = "com.apple.product-type.application";
		};
		76656DBB1E79C64E001AF558 /* test iOS IngimaTests */ = {
			isa = PBXNativeTarget;
			buildConfigurationList = 76656DD31E79C64E001AF558 /* Build configuration list for PBXNativeTarget "test iOS IngimaTests" */;
			buildPhases = (
				582B0B914FF81C2308D85052 /* [CP] Check Pods Manifest.lock */,
				76656DB81E79C64E001AF558 /* Sources */,
				76656DB91E79C64E001AF558 /* Frameworks */,
				76656DBA1E79C64E001AF558 /* Resources */,
				BB0350D6FD45E908EFFD0121 /* [CP] Embed Pods Frameworks */,
				FA0831133645DB4E1167341F /* [CP] Copy Pods Resources */,
			);
			buildRules = (
			);
			dependencies = (
				76656DBE1E79C64E001AF558 /* PBXTargetDependency */,
			);
			name = "test iOS IngimaTests";
			productName = "test iOS IngimaTests";
			productReference = 76656DBC1E79C64E001AF558 /* test iOS IngimaTests.xctest */;
			productType = "com.apple.product-type.bundle.unit-test";
		};
		76656DC61E79C64E001AF558 /* test iOS IngimaUITests */ = {
			isa = PBXNativeTarget;
			buildConfigurationList = 76656DD61E79C64E001AF558 /* Build configuration list for PBXNativeTarget "test iOS IngimaUITests" */;
			buildPhases = (
				C21C53014FC875C2D875D2CC /* [CP] Check Pods Manifest.lock */,
				76656DC31E79C64E001AF558 /* Sources */,
				76656DC41E79C64E001AF558 /* Frameworks */,
				76656DC51E79C64E001AF558 /* Resources */,
				579B556740C55DAD3EB54316 /* [CP] Embed Pods Frameworks */,
				7C3D4C04BE071AF57FF2EF85 /* [CP] Copy Pods Resources */,
			);
			buildRules = (
			);
			dependencies = (
				76656DC91E79C64E001AF558 /* PBXTargetDependency */,
			);
			name = "test iOS IngimaUITests";
			productName = "test iOS IngimaUITests";
			productReference = 76656DC71E79C64E001AF558 /* test iOS IngimaUITests.xctest */;
			productType = "com.apple.product-type.bundle.ui-testing";
		};
/* End PBXNativeTarget section */

/* Begin PBXProject section */
		76656D9D1E79C64E001AF558 /* Project object */ = {
			isa = PBXProject;
			attributes = {
				LastSwiftUpdateCheck = 0820;
				LastUpgradeCheck = 0820;
				ORGANIZATIONNAME = "Loic Sillere";
				TargetAttributes = {
					76656DA41E79C64E001AF558 = {
						CreatedOnToolsVersion = 8.2.1;
						DevelopmentTeam = DC9N7Q7363;
						ProvisioningStyle = Automatic;
					};
					76656DBB1E79C64E001AF558 = {
						CreatedOnToolsVersion = 8.2.1;
						DevelopmentTeam = DC9N7Q7363;
						ProvisioningStyle = Automatic;
						TestTargetID = 76656DA41E79C64E001AF558;
					};
					76656DC61E79C64E001AF558 = {
						CreatedOnToolsVersion = 8.2.1;
						DevelopmentTeam = DC9N7Q7363;
						ProvisioningStyle = Automatic;
						TestTargetID = 76656DA41E79C64E001AF558;
					};
				};
			};
			buildConfigurationList = 76656DA01E79C64E001AF558 /* Build configuration list for PBXProject "test iOS Ingima" */;
			compatibilityVersion = "Xcode 3.2";
			developmentRegion = English;
			hasScannedForEncodings = 0;
			knownRegions = (
				en,
				Base,
			);
			mainGroup = 76656D9C1E79C64E001AF558;
			productRefGroup = 76656DA61E79C64E001AF558 /* Products */;
			projectDirPath = "";
			projectRoot = "";
			targets = (
				76656DA41E79C64E001AF558 /* test iOS Ingima */,
				76656DBB1E79C64E001AF558 /* test iOS IngimaTests */,
				76656DC61E79C64E001AF558 /* test iOS IngimaUITests */,
			);
		};
/* End PBXProject section */

/* Begin PBXResourcesBuildPhase section */
		76656DA31E79C64E001AF558 /* Resources */ = {
			isa = PBXResourcesBuildPhase;
			buildActionMask = 2147483647;
			files = (
				76656DB61E79C64E001AF558 /* LaunchScreen.storyboard in Resources */,
				765FC8311E7C08D200679DDB /* Main.storyboard in Resources */,
				76656DB31E79C64E001AF558 /* Assets.xcassets in Resources */,
				76CBD68E1E7ABE46005B95CB /* cityListFrance.json in Resources */,
			);
			runOnlyForDeploymentPostprocessing = 0;
		};
		76656DBA1E79C64E001AF558 /* Resources */ = {
			isa = PBXResourcesBuildPhase;
			buildActionMask = 2147483647;
			files = (
			);
			runOnlyForDeploymentPostprocessing = 0;
		};
		76656DC51E79C64E001AF558 /* Resources */ = {
			isa = PBXResourcesBuildPhase;
			buildActionMask = 2147483647;
			files = (
			);
			runOnlyForDeploymentPostprocessing = 0;
		};
/* End PBXResourcesBuildPhase section */

/* Begin PBXShellScriptBuildPhase section */
		4BAA5370F5941D741A2E12DD /* [CP] Copy Pods Resources */ = {
			isa = PBXShellScriptBuildPhase;
			buildActionMask = 2147483647;
			files = (
			);
			inputPaths = (
			);
			name = "[CP] Copy Pods Resources";
			outputPaths = (
			);
			runOnlyForDeploymentPostprocessing = 0;
			shellPath = /bin/sh;
			shellScript = "\"${SRCROOT}/Pods/Target Support Files/Pods-test iOS Ingima/Pods-test iOS Ingima-resources.sh\"\n";
			showEnvVarsInLog = 0;
		};
		579B556740C55DAD3EB54316 /* [CP] Embed Pods Frameworks */ = {
			isa = PBXShellScriptBuildPhase;
			buildActionMask = 2147483647;
			files = (
			);
			inputPaths = (
			);
			name = "[CP] Embed Pods Frameworks";
			outputPaths = (
			);
			runOnlyForDeploymentPostprocessing = 0;
			shellPath = /bin/sh;
			shellScript = "\"${SRCROOT}/Pods/Target Support Files/Pods-test iOS IngimaUITests/Pods-test iOS IngimaUITests-frameworks.sh\"\n";
			showEnvVarsInLog = 0;
		};
		582B0B914FF81C2308D85052 /* [CP] Check Pods Manifest.lock */ = {
			isa = PBXShellScriptBuildPhase;
			buildActionMask = 2147483647;
			files = (
			);
			inputPaths = (
			);
			name = "[CP] Check Pods Manifest.lock";
			outputPaths = (
			);
			runOnlyForDeploymentPostprocessing = 0;
			shellPath = /bin/sh;
			shellScript = "diff \"${PODS_ROOT}/../Podfile.lock\" \"${PODS_ROOT}/Manifest.lock\" > /dev/null\nif [ $? != 0 ] ; then\n    # print error to STDERR\n    echo \"error: The sandbox is not in sync with the Podfile.lock. Run 'pod install' or update your CocoaPods installation.\" >&2\n    exit 1\nfi\n";
			showEnvVarsInLog = 0;
		};
		7C3D4C04BE071AF57FF2EF85 /* [CP] Copy Pods Resources */ = {
			isa = PBXShellScriptBuildPhase;
			buildActionMask = 2147483647;
			files = (
			);
			inputPaths = (
			);
			name = "[CP] Copy Pods Resources";
			outputPaths = (
			);
			runOnlyForDeploymentPostprocessing = 0;
			shellPath = /bin/sh;
			shellScript = "\"${SRCROOT}/Pods/Target Support Files/Pods-test iOS IngimaUITests/Pods-test iOS IngimaUITests-resources.sh\"\n";
			showEnvVarsInLog = 0;
		};
		8B3FF23A17688A12EEC9675C /* [CP] Embed Pods Frameworks */ = {
			isa = PBXShellScriptBuildPhase;
			buildActionMask = 2147483647;
			files = (
			);
			inputPaths = (
			);
			name = "[CP] Embed Pods Frameworks";
			outputPaths = (
			);
			runOnlyForDeploymentPostprocessing = 0;
			shellPath = /bin/sh;
			shellScript = "\"${SRCROOT}/Pods/Target Support Files/Pods-test iOS Ingima/Pods-test iOS Ingima-frameworks.sh\"\n";
			showEnvVarsInLog = 0;
		};
		BB0350D6FD45E908EFFD0121 /* [CP] Embed Pods Frameworks */ = {
			isa = PBXShellScriptBuildPhase;
			buildActionMask = 2147483647;
			files = (
			);
			inputPaths = (
			);
			name = "[CP] Embed Pods Frameworks";
			outputPaths = (
			);
			runOnlyForDeploymentPostprocessing = 0;
			shellPath = /bin/sh;
			shellScript = "\"${SRCROOT}/Pods/Target Support Files/Pods-test iOS IngimaTests/Pods-test iOS IngimaTests-frameworks.sh\"\n";
			showEnvVarsInLog = 0;
		};
		C21C53014FC875C2D875D2CC /* [CP] Check Pods Manifest.lock */ = {
			isa = PBXShellScriptBuildPhase;
			buildActionMask = 2147483647;
			files = (
			);
			inputPaths = (
			);
			name = "[CP] Check Pods Manifest.lock";
			outputPaths = (
			);
			runOnlyForDeploymentPostprocessing = 0;
			shellPath = /bin/sh;
			shellScript = "diff \"${PODS_ROOT}/../Podfile.lock\" \"${PODS_ROOT}/Manifest.lock\" > /dev/null\nif [ $? != 0 ] ; then\n    # print error to STDERR\n    echo \"error: The sandbox is not in sync with the Podfile.lock. Run 'pod install' or update your CocoaPods installation.\" >&2\n    exit 1\nfi\n";
			showEnvVarsInLog = 0;
		};
		D6486FB91A689C87C5CAC885 /* [CP] Check Pods Manifest.lock */ = {
			isa = PBXShellScriptBuildPhase;
			buildActionMask = 2147483647;
			files = (
			);
			inputPaths = (
			);
			name = "[CP] Check Pods Manifest.lock";
			outputPaths = (
			);
			runOnlyForDeploymentPostprocessing = 0;
			shellPath = /bin/sh;
			shellScript = "diff \"${PODS_ROOT}/../Podfile.lock\" \"${PODS_ROOT}/Manifest.lock\" > /dev/null\nif [ $? != 0 ] ; then\n    # print error to STDERR\n    echo \"error: The sandbox is not in sync with the Podfile.lock. Run 'pod install' or update your CocoaPods installation.\" >&2\n    exit 1\nfi\n";
			showEnvVarsInLog = 0;
		};
		FA0831133645DB4E1167341F /* [CP] Copy Pods Resources */ = {
			isa = PBXShellScriptBuildPhase;
			buildActionMask = 2147483647;
			files = (
			);
			inputPaths = (
			);
			name = "[CP] Copy Pods Resources";
			outputPaths = (
			);
			runOnlyForDeploymentPostprocessing = 0;
			shellPath = /bin/sh;
			shellScript = "\"${SRCROOT}/Pods/Target Support Files/Pods-test iOS IngimaTests/Pods-test iOS IngimaTests-resources.sh\"\n";
			showEnvVarsInLog = 0;
		};
/* End PBXShellScriptBuildPhase section */

/* Begin PBXSourcesBuildPhase section */
		76656DA11E79C64E001AF558 /* Sources */ = {
			isa = PBXSourcesBuildPhase;
			buildActionMask = 2147483647;
			files = (
				76CBD6961E7B4522005B95CB /* CitiesTableViewCell.swift in Sources */,
				761AC1D31E79F058000DBC3A /* WeatherTableViewCell.swift in Sources */,
				761AC1D11E79D62C000DBC3A /* forecast.swift in Sources */,
				76CBD6881E7AB219005B95CB /* city.swift in Sources */,
				76656DB11E79C64E001AF558 /* test_iOS_Ingima.xcdatamodeld in Sources */,
				76CBD6941E7B13DE005B95CB /* APIManager.swift in Sources */,
				76656DAB1E79C64E001AF558 /* ViewController.swift in Sources */,
				761AC1D51E79FEE1000DBC3A /* Weather.swift in Sources */,
				76CBD6921E7AC7BC005B95CB /* CoredataManager.swift in Sources */,
				76656DA91E79C64E001AF558 /* AppDelegate.swift in Sources */,
				76CBD6901E7AC602005B95CB /* MyCityListTableViewController.swift in Sources */,
				76CBD68A1E7AB429005B95CB /* SearchCityViewController.swift in Sources */,
			);
			runOnlyForDeploymentPostprocessing = 0;
		};
		76656DB81E79C64E001AF558 /* Sources */ = {
			isa = PBXSourcesBuildPhase;
			buildActionMask = 2147483647;
			files = (
				76656DC11E79C64E001AF558 /* test_iOS_IngimaTests.swift in Sources */,
			);
			runOnlyForDeploymentPostprocessing = 0;
		};
		76656DC31E79C64E001AF558 /* Sources */ = {
			isa = PBXSourcesBuildPhase;
			buildActionMask = 2147483647;
			files = (
				76656DCC1E79C64E001AF558 /* test_iOS_IngimaUITests.swift in Sources */,
			);
			runOnlyForDeploymentPostprocessing = 0;
		};
/* End PBXSourcesBuildPhase section */

/* Begin PBXTargetDependency section */
		76656DBE1E79C64E001AF558 /* PBXTargetDependency */ = {
			isa = PBXTargetDependency;
			target = 76656DA41E79C64E001AF558 /* test iOS Ingima */;
			targetProxy = 76656DBD1E79C64E001AF558 /* PBXContainerItemProxy */;
		};
		76656DC91E79C64E001AF558 /* PBXTargetDependency */ = {
			isa = PBXTargetDependency;
			target = 76656DA41E79C64E001AF558 /* test iOS Ingima */;
			targetProxy = 76656DC81E79C64E001AF558 /* PBXContainerItemProxy */;
		};
/* End PBXTargetDependency section */

/* Begin PBXVariantGroup section */
		76656DB41E79C64E001AF558 /* LaunchScreen.storyboard */ = {
			isa = PBXVariantGroup;
			children = (
				76656DB51E79C64E001AF558 /* Base */,
			);
			name = LaunchScreen.storyboard;
			sourceTree = "<group>";
		};
/* End PBXVariantGroup section */

/* Begin XCBuildConfiguration section */
		76656DCE1E79C64E001AF558 /* Debug */ = {
			isa = XCBuildConfiguration;
			buildSettings = {
				ALWAYS_SEARCH_USER_PATHS = NO;
				CLANG_ANALYZER_NONNULL = YES;
				CLANG_CXX_LANGUAGE_STANDARD = "gnu++0x";
				CLANG_CXX_LIBRARY = "libc++";
				CLANG_ENABLE_MODULES = YES;
				CLANG_ENABLE_OBJC_ARC = YES;
				CLANG_WARN_BOOL_CONVERSION = YES;
				CLANG_WARN_CONSTANT_CONVERSION = YES;
				CLANG_WARN_DIRECT_OBJC_ISA_USAGE = YES_ERROR;
				CLANG_WARN_DOCUMENTATION_COMMENTS = YES;
				CLANG_WARN_EMPTY_BODY = YES;
				CLANG_WARN_ENUM_CONVERSION = YES;
				CLANG_WARN_INFINITE_RECURSION = YES;
				CLANG_WARN_INT_CONVERSION = YES;
				CLANG_WARN_OBJC_ROOT_CLASS = YES_ERROR;
				CLANG_WARN_SUSPICIOUS_MOVE = YES;
				CLANG_WARN_UNREACHABLE_CODE = YES;
				CLANG_WARN__DUPLICATE_METHOD_MATCH = YES;
				"CODE_SIGN_IDENTITY[sdk=iphoneos*]" = "iPhone Developer";
				COPY_PHASE_STRIP = NO;
				DEBUG_INFORMATION_FORMAT = dwarf;
				ENABLE_STRICT_OBJC_MSGSEND = YES;
				ENABLE_TESTABILITY = YES;
				GCC_C_LANGUAGE_STANDARD = gnu99;
				GCC_DYNAMIC_NO_PIC = NO;
				GCC_NO_COMMON_BLOCKS = YES;
				GCC_OPTIMIZATION_LEVEL = 0;
				GCC_PREPROCESSOR_DEFINITIONS = (
					"DEBUG=1",
					"$(inherited)",
				);
				GCC_WARN_64_TO_32_BIT_CONVERSION = YES;
				GCC_WARN_ABOUT_RETURN_TYPE = YES_ERROR;
				GCC_WARN_UNDECLARED_SELECTOR = YES;
				GCC_WARN_UNINITIALIZED_AUTOS = YES_AGGRESSIVE;
				GCC_WARN_UNUSED_FUNCTION = YES;
				GCC_WARN_UNUSED_VARIABLE = YES;
				IPHONEOS_DEPLOYMENT_TARGET = 10.2;
				MTL_ENABLE_DEBUG_INFO = YES;
				ONLY_ACTIVE_ARCH = YES;
				SDKROOT = iphoneos;
				SWIFT_ACTIVE_COMPILATION_CONDITIONS = DEBUG;
				SWIFT_OPTIMIZATION_LEVEL = "-Onone";
				TARGETED_DEVICE_FAMILY = "1,2";
			};
			name = Debug;
		};
		76656DCF1E79C64E001AF558 /* Release */ = {
			isa = XCBuildConfiguration;
			buildSettings = {
				ALWAYS_SEARCH_USER_PATHS = NO;
				CLANG_ANALYZER_NONNULL = YES;
				CLANG_CXX_LANGUAGE_STANDARD = "gnu++0x";
				CLANG_CXX_LIBRARY = "libc++";
				CLANG_ENABLE_MODULES = YES;
				CLANG_ENABLE_OBJC_ARC = YES;
				CLANG_WARN_BOOL_CONVERSION = YES;
				CLANG_WARN_CONSTANT_CONVERSION = YES;
				CLANG_WARN_DIRECT_OBJC_ISA_USAGE = YES_ERROR;
				CLANG_WARN_DOCUMENTATION_COMMENTS = YES;
				CLANG_WARN_EMPTY_BODY = YES;
				CLANG_WARN_ENUM_CONVERSION = YES;
				CLANG_WARN_INFINITE_RECURSION = YES;
				CLANG_WARN_INT_CONVERSION = YES;
				CLANG_WARN_OBJC_ROOT_CLASS = YES_ERROR;
				CLANG_WARN_SUSPICIOUS_MOVE = YES;
				CLANG_WARN_UNREACHABLE_CODE = YES;
				CLANG_WARN__DUPLICATE_METHOD_MATCH = YES;
				"CODE_SIGN_IDENTITY[sdk=iphoneos*]" = "iPhone Developer";
				COPY_PHASE_STRIP = NO;
				DEBUG_INFORMATION_FORMAT = "dwarf-with-dsym";
				ENABLE_NS_ASSERTIONS = NO;
				ENABLE_STRICT_OBJC_MSGSEND = YES;
				GCC_C_LANGUAGE_STANDARD = gnu99;
				GCC_NO_COMMON_BLOCKS = YES;
				GCC_WARN_64_TO_32_BIT_CONVERSION = YES;
				GCC_WARN_ABOUT_RETURN_TYPE = YES_ERROR;
				GCC_WARN_UNDECLARED_SELECTOR = YES;
				GCC_WARN_UNINITIALIZED_AUTOS = YES_AGGRESSIVE;
				GCC_WARN_UNUSED_FUNCTION = YES;
				GCC_WARN_UNUSED_VARIABLE = YES;
				IPHONEOS_DEPLOYMENT_TARGET = 10.2;
				MTL_ENABLE_DEBUG_INFO = NO;
				SDKROOT = iphoneos;
				SWIFT_OPTIMIZATION_LEVEL = "-Owholemodule";
				TARGETED_DEVICE_FAMILY = "1,2";
				VALIDATE_PRODUCT = YES;
			};
			name = Release;
		};
		76656DD11E79C64E001AF558 /* Debug */ = {
			isa = XCBuildConfiguration;
			baseConfigurationReference = 7F56AFBECDDA4C0BBAF95872 /* Pods-test iOS Ingima.debug.xcconfig */;
			buildSettings = {
				ASSETCATALOG_COMPILER_APPICON_NAME = AppIcon;
				DEVELOPMENT_TEAM = DC9N7Q7363;
				INFOPLIST_FILE = "test iOS Ingima/Info.plist";
				LD_RUNPATH_SEARCH_PATHS = "$(inherited) @executable_path/Frameworks";
				PRODUCT_BUNDLE_IDENTIFIER = "Loic-Sillere.test-iOS-Ingima";
				PRODUCT_NAME = "$(TARGET_NAME)";
				SWIFT_VERSION = 3.0;
			};
			name = Debug;
		};
		76656DD21E79C64E001AF558 /* Release */ = {
			isa = XCBuildConfiguration;
			baseConfigurationReference = 7C863478A8DDA89B84D64041 /* Pods-test iOS Ingima.release.xcconfig */;
			buildSettings = {
				ASSETCATALOG_COMPILER_APPICON_NAME = AppIcon;
				DEVELOPMENT_TEAM = DC9N7Q7363;
				INFOPLIST_FILE = "test iOS Ingima/Info.plist";
				LD_RUNPATH_SEARCH_PATHS = "$(inherited) @executable_path/Frameworks";
				PRODUCT_BUNDLE_IDENTIFIER = "Loic-Sillere.test-iOS-Ingima";
				PRODUCT_NAME = "$(TARGET_NAME)";
				SWIFT_VERSION = 3.0;
			};
			name = Release;
		};
		76656DD41E79C64E001AF558 /* Debug */ = {
			isa = XCBuildConfiguration;
			baseConfigurationReference = A94A754E74C9C0DE8F96FC9F /* Pods-test iOS IngimaTests.debug.xcconfig */;
			buildSettings = {
				ALWAYS_EMBED_SWIFT_STANDARD_LIBRARIES = YES;
				BUNDLE_LOADER = "$(TEST_HOST)";
				DEVELOPMENT_TEAM = DC9N7Q7363;
				INFOPLIST_FILE = "test iOS IngimaTests/Info.plist";
				LD_RUNPATH_SEARCH_PATHS = "$(inherited) @executable_path/Frameworks @loader_path/Frameworks";
				PRODUCT_BUNDLE_IDENTIFIER = "Loic-Sillere.test-iOS-IngimaTests";
				PRODUCT_NAME = "$(TARGET_NAME)";
				SWIFT_VERSION = 3.0;
				TEST_HOST = "$(BUILT_PRODUCTS_DIR)/test iOS Ingima.app/test iOS Ingima";
			};
			name = Debug;
		};
		76656DD51E79C64E001AF558 /* Release */ = {
			isa = XCBuildConfiguration;
			baseConfigurationReference = 24FE5EB0252BC240B741FB9B /* Pods-test iOS IngimaTests.release.xcconfig */;
			buildSettings = {
				ALWAYS_EMBED_SWIFT_STANDARD_LIBRARIES = YES;
				BUNDLE_LOADER = "$(TEST_HOST)";
				DEVELOPMENT_TEAM = DC9N7Q7363;
				INFOPLIST_FILE = "test iOS IngimaTests/Info.plist";
				LD_RUNPATH_SEARCH_PATHS = "$(inherited) @executable_path/Frameworks @loader_path/Frameworks";
				PRODUCT_BUNDLE_IDENTIFIER = "Loic-Sillere.test-iOS-IngimaTests";
				PRODUCT_NAME = "$(TARGET_NAME)";
				SWIFT_VERSION = 3.0;
				TEST_HOST = "$(BUILT_PRODUCTS_DIR)/test iOS Ingima.app/test iOS Ingima";
			};
			name = Release;
		};
		76656DD71E79C64E001AF558 /* Debug */ = {
			isa = XCBuildConfiguration;
			baseConfigurationReference = A0961C4DFC1BB4AA3957D0D3 /* Pods-test iOS IngimaUITests.debug.xcconfig */;
			buildSettings = {
				ALWAYS_EMBED_SWIFT_STANDARD_LIBRARIES = YES;
				DEVELOPMENT_TEAM = DC9N7Q7363;
				INFOPLIST_FILE = "test iOS IngimaUITests/Info.plist";
				LD_RUNPATH_SEARCH_PATHS = "$(inherited) @executable_path/Frameworks @loader_path/Frameworks";
				PRODUCT_BUNDLE_IDENTIFIER = "Loic-Sillere.test-iOS-IngimaUITests";
				PRODUCT_NAME = "$(TARGET_NAME)";
				SWIFT_VERSION = 3.0;
				TEST_TARGET_NAME = "test iOS Ingima";
			};
			name = Debug;
		};
		76656DD81E79C64E001AF558 /* Release */ = {
			isa = XCBuildConfiguration;
			baseConfigurationReference = CE463B90CEC30A5DFE3F0EAA /* Pods-test iOS IngimaUITests.release.xcconfig */;
			buildSettings = {
				ALWAYS_EMBED_SWIFT_STANDARD_LIBRARIES = YES;
				DEVELOPMENT_TEAM = DC9N7Q7363;
				INFOPLIST_FILE = "test iOS IngimaUITests/Info.plist";
				LD_RUNPATH_SEARCH_PATHS = "$(inherited) @executable_path/Frameworks @loader_path/Frameworks";
				PRODUCT_BUNDLE_IDENTIFIER = "Loic-Sillere.test-iOS-IngimaUITests";
				PRODUCT_NAME = "$(TARGET_NAME)";
				SWIFT_VERSION = 3.0;
				TEST_TARGET_NAME = "test iOS Ingima";
			};
			name = Release;
		};
/* End XCBuildConfiguration section */

/* Begin XCConfigurationList section */
		76656DA01E79C64E001AF558 /* Build configuration list for PBXProject "test iOS Ingima" */ = {
			isa = XCConfigurationList;
			buildConfigurations = (
				76656DCE1E79C64E001AF558 /* Debug */,
				76656DCF1E79C64E001AF558 /* Release */,
			);
			defaultConfigurationIsVisible = 0;
			defaultConfigurationName = Release;
		};
		76656DD01E79C64E001AF558 /* Build configuration list for PBXNativeTarget "test iOS Ingima" */ = {
			isa = XCConfigurationList;
			buildConfigurations = (
				76656DD11E79C64E001AF558 /* Debug */,
				76656DD21E79C64E001AF558 /* Release */,
			);
			defaultConfigurationIsVisible = 0;
			defaultConfigurationName = Release;
		};
		76656DD31E79C64E001AF558 /* Build configuration list for PBXNativeTarget "test iOS IngimaTests" */ = {
			isa = XCConfigurationList;
			buildConfigurations = (
				76656DD41E79C64E001AF558 /* Debug */,
				76656DD51E79C64E001AF558 /* Release */,
			);
			defaultConfigurationIsVisible = 0;
			defaultConfigurationName = Release;
		};
		76656DD61E79C64E001AF558 /* Build configuration list for PBXNativeTarget "test iOS IngimaUITests" */ = {
			isa = XCConfigurationList;
			buildConfigurations = (
				76656DD71E79C64E001AF558 /* Debug */,
				76656DD81E79C64E001AF558 /* Release */,
			);
			defaultConfigurationIsVisible = 0;
			defaultConfigurationName = Release;
		};
/* End XCConfigurationList section */

/* Begin XCVersionGroup section */
		76656DAF1E79C64E001AF558 /* test_iOS_Ingima.xcdatamodeld */ = {
			isa = XCVersionGroup;
			children = (
				76656DB01E79C64E001AF558 /* test_iOS_Ingima.xcdatamodel */,
			);
			currentVersion = 76656DB01E79C64E001AF558 /* test_iOS_Ingima.xcdatamodel */;
			path = test_iOS_Ingima.xcdatamodeld;
			sourceTree = "<group>";
			versionGroupType = wrapper.xcdatamodel;
		};
/* End XCVersionGroup section */
	};
	rootObject = 76656D9D1E79C64E001AF558 /* Project object */;
}
